// !$*UTF8*$!
{
	archiveVersion = 1;
	classes = {
	};
	objectVersion = 48;
	objects = {

/* Begin PBXBuildFile section */
		C007E64A1F7AB3CF0025CEFE /* AppDelegate.swift in Sources */ = {isa = PBXBuildFile; fileRef = C007E6491F7AB3CF0025CEFE /* AppDelegate.swift */; };
		C007E64C1F7AB3CF0025CEFE /* ViewController.swift in Sources */ = {isa = PBXBuildFile; fileRef = C007E64B1F7AB3CF0025CEFE /* ViewController.swift */; };
		C007E64F1F7AB3CF0025CEFE /* Main.storyboard in Resources */ = {isa = PBXBuildFile; fileRef = C007E64D1F7AB3CF0025CEFE /* Main.storyboard */; };
		C007E6511F7AB3CF0025CEFE /* Assets.xcassets in Resources */ = {isa = PBXBuildFile; fileRef = C007E6501F7AB3CF0025CEFE /* Assets.xcassets */; };
		C007E6541F7AB3CF0025CEFE /* LaunchScreen.storyboard in Resources */ = {isa = PBXBuildFile; fileRef = C007E6521F7AB3CF0025CEFE /* LaunchScreen.storyboard */; };
		C007E65F1F7AB3CF0025CEFE /* TacoPOPTests.swift in Sources */ = {isa = PBXBuildFile; fileRef = C007E65E1F7AB3CF0025CEFE /* TacoPOPTests.swift */; };
/* End PBXBuildFile section */

/* Begin PBXContainerItemProxy section */
		C007E65B1F7AB3CF0025CEFE /* PBXContainerItemProxy */ = {
			isa = PBXContainerItemProxy;
			containerPortal = C007E63E1F7AB3CF0025CEFE /* Project object */;
			proxyType = 1;
			remoteGlobalIDString = C007E6451F7AB3CF0025CEFE;
			remoteInfo = TacoPOP;
		};
/* End PBXContainerItemProxy section */

/* Begin PBXFileReference section */
		C007E6461F7AB3CF0025CEFE /* TacoPOP.app */ = {isa = PBXFileReference; explicitFileType = wrapper.application; includeInIndex = 0; path = TacoPOP.app; sourceTree = BUILT_PRODUCTS_DIR; };
		C007E6491F7AB3CF0025CEFE /* AppDelegate.swift */ = {isa = PBXFileReference; lastKnownFileType = sourcecode.swift; path = AppDelegate.swift; sourceTree = "<group>"; };
		C007E64B1F7AB3CF0025CEFE /* ViewController.swift */ = {isa = PBXFileReference; lastKnownFileType = sourcecode.swift; path = ViewController.swift; sourceTree = "<group>"; };
		C007E64E1F7AB3CF0025CEFE /* Base */ = {isa = PBXFileReference; lastKnownFileType = file.storyboard; name = Base; path = Base.lproj/Main.storyboard; sourceTree = "<group>"; };
		C007E6501F7AB3CF0025CEFE /* Assets.xcassets */ = {isa = PBXFileReference; lastKnownFileType = folder.assetcatalog; path = Assets.xcassets; sourceTree = "<group>"; };
		C007E6531F7AB3CF0025CEFE /* Base */ = {isa = PBXFileReference; lastKnownFileType = file.storyboard; name = Base; path = Base.lproj/LaunchScreen.storyboard; sourceTree = "<group>"; };
		C007E6551F7AB3CF0025CEFE /* Info.plist */ = {isa = PBXFileReference; lastKnownFileType = text.plist.xml; path = Info.plist; sourceTree = "<group>"; };
		C007E65A1F7AB3CF0025CEFE /* TacoPOPTests.xctest */ = {isa = PBXFileReference; explicitFileType = wrapper.cfbundle; includeInIndex = 0; path = TacoPOPTests.xctest; sourceTree = BUILT_PRODUCTS_DIR; };
		C007E65E1F7AB3CF0025CEFE /* TacoPOPTests.swift */ = {isa = PBXFileReference; lastKnownFileType = sourcecode.swift; path = TacoPOPTests.swift; sourceTree = "<group>"; };
		C007E6601F7AB3CF0025CEFE /* Info.plist */ = {isa = PBXFileReference; lastKnownFileType = text.plist.xml; path = Info.plist; sourceTree = "<group>"; };
/* End PBXFileReference section */

/* Begin PBXFrameworksBuildPhase section */
		C007E6431F7AB3CF0025CEFE /* Frameworks */ = {
			isa = PBXFrameworksBuildPhase;
			buildActionMask = 2147483647;
			files = (
			);
			runOnlyForDeploymentPostprocessing = 0;
		};
		C007E6571F7AB3CF0025CEFE /* Frameworks */ = {
			isa = PBXFrameworksBuildPhase;
			buildActionMask = 2147483647;
			files = (
			);
			runOnlyForDeploymentPostprocessing = 0;
		};
/* End PBXFrameworksBuildPhase section */

/* Begin PBXGroup section */
		C007E63D1F7AB3CF0025CEFE = {
			isa = PBXGroup;
			children = (
				C007E6481F7AB3CF0025CEFE /* TacoPOP */,
				C007E65D1F7AB3CF0025CEFE /* TacoPOPTests */,
				C007E6471F7AB3CF0025CEFE /* Products */,
			);
			sourceTree = "<group>";
		};
		C007E6471F7AB3CF0025CEFE /* Products */ = {
			isa = PBXGroup;
			children = (
				C007E6461F7AB3CF0025CEFE /* TacoPOP.app */,
				C007E65A1F7AB3CF0025CEFE /* TacoPOPTests.xctest */,
			);
			name = Products;
			sourceTree = "<group>";
		};
		C007E6481F7AB3CF0025CEFE /* TacoPOP */ = {
			isa = PBXGroup;
			children = (
				C007E6491F7AB3CF0025CEFE /* AppDelegate.swift */,
				C007E64B1F7AB3CF0025CEFE /* ViewController.swift */,
				C007E64D1F7AB3CF0025CEFE /* Main.storyboard */,
				C007E6501F7AB3CF0025CEFE /* Assets.xcassets */,
				C007E6521F7AB3CF0025CEFE /* LaunchScreen.storyboard */,
				C007E6551F7AB3CF0025CEFE /* Info.plist */,
			);
			path = TacoPOP;
			sourceTree = "<group>";
		};
		C007E65D1F7AB3CF0025CEFE /* TacoPOPTests */ = {
			isa = PBXGroup;
			children = (
				C007E65E1F7AB3CF0025CEFE /* TacoPOPTests.swift */,
				C007E6601F7AB3CF0025CEFE /* Info.plist */,
			);
			path = TacoPOPTests;
			sourceTree = "<group>";
		};
/* End PBXGroup section */

/* Begin PBXNativeTarget section */
		C007E6451F7AB3CF0025CEFE /* TacoPOP */ = {
			isa = PBXNativeTarget;
			buildConfigurationList = C007E6631F7AB3CF0025CEFE /* Build configuration list for PBXNativeTarget "TacoPOP" */;
			buildPhases = (
				C007E6421F7AB3CF0025CEFE /* Sources */,
				C007E6431F7AB3CF0025CEFE /* Frameworks */,
				C007E6441F7AB3CF0025CEFE /* Resources */,
			);
			buildRules = (
			);
			dependencies = (
			);
			name = TacoPOP;
			productName = TacoPOP;
			productReference = C007E6461F7AB3CF0025CEFE /* TacoPOP.app */;
			productType = "com.apple.product-type.application";
		};
		C007E6591F7AB3CF0025CEFE /* TacoPOPTests */ = {
			isa = PBXNativeTarget;
			buildConfigurationList = C007E6661F7AB3CF0025CEFE /* Build configuration list for PBXNativeTarget "TacoPOPTests" */;
			buildPhases = (
				C007E6561F7AB3CF0025CEFE /* Sources */,
				C007E6571F7AB3CF0025CEFE /* Frameworks */,
				C007E6581F7AB3CF0025CEFE /* Resources */,
			);
			buildRules = (
			);
			dependencies = (
				C007E65C1F7AB3CF0025CEFE /* PBXTargetDependency */,
			);
			name = TacoPOPTests;
			productName = TacoPOPTests;
			productReference = C007E65A1F7AB3CF0025CEFE /* TacoPOPTests.xctest */;
			productType = "com.apple.product-type.bundle.unit-test";
		};
/* End PBXNativeTarget section */

/* Begin PBXProject section */
		C007E63E1F7AB3CF0025CEFE /* Project object */ = {
			isa = PBXProject;
			attributes = {
				LastSwiftUpdateCheck = 0900;
				LastUpgradeCheck = 0900;
				ORGANIZATIONNAME = "Gabriel T";
				TargetAttributes = {
					C007E6451F7AB3CF0025CEFE = {
						CreatedOnToolsVersion = 9.0;
					};
					C007E6591F7AB3CF0025CEFE = {
						CreatedOnToolsVersion = 9.0;
						TestTargetID = C007E6451F7AB3CF0025CEFE;
					};
				};
			};
			buildConfigurationList = C007E6411F7AB3CF0025CEFE /* Build configuration list for PBXProject "TacoPOP" */;
			compatibilityVersion = "Xcode 8.0";
			developmentRegion = en;
			hasScannedForEncodings = 0;
			knownRegions = (
				en,
				Base,
			);
			mainGroup = C007E63D1F7AB3CF0025CEFE;
			productRefGroup = C007E6471F7AB3CF0025CEFE /* Products */;
			projectDirPath = "";
			projectRoot = "";
			targets = (
				C007E6451F7AB3CF0025CEFE /* TacoPOP */,
				C007E6591F7AB3CF0025CEFE /* TacoPOPTests */,
			);
		};
/* End PBXProject section */

/* Begin PBXResourcesBuildPhase section */
		C007E6441F7AB3CF0025CEFE /* Resources */ = {
			isa = PBXResourcesBuildPhase;
			buildActionMask = 2147483647;
			files = (
				C007E6541F7AB3CF0025CEFE /* LaunchScreen.storyboard in Resources */,
				C007E6511F7AB3CF0025CEFE /* Assets.xcassets in Resources */,
				C007E64F1F7AB3CF0025CEFE /* Main.storyboard in Resources */,
			);
			runOnlyForDeploymentPostprocessing = 0;
		};
		C007E6581F7AB3CF0025CEFE /* Resources */ = {
			isa = PBXResourcesBuildPhase;
			buildActionMask = 2147483647;
			files = (
			);
			runOnlyForDeploymentPostprocessing = 0;
		};
/* End PBXResourcesBuildPhase section */

/* Begin PBXSourcesBuildPhase section */
		C007E6421F7AB3CF0025CEFE /* Sources */ = {
			isa = PBXSourcesBuildPhase;
			buildActionMask = 2147483647;
			files = (
				C007E64C1F7AB3CF0025CEFE /* ViewController.swift in Sources */,
				C007E64A1F7AB3CF0025CEFE /* AppDelegate.swift in Sources */,
			);
			runOnlyForDeploymentPostprocessing = 0;
		};
		C007E6561F7AB3CF0025CEFE /* Sources */ = {
			isa = PBXSourcesBuildPhase;
			buildActionMask = 2147483647;
			files = (
				C007E65F1F7AB3CF0025CEFE /* TacoPOPTests.swift in Sources */,
			);
			runOnlyForDeploymentPostprocessing = 0;
		};
/* End PBXSourcesBuildPhase section */

/* Begin PBXTargetDependency section */
		C007E65C1F7AB3CF0025CEFE /* PBXTargetDependency */ = {
			isa = PBXTargetDependency;
			target = C007E6451F7AB3CF0025CEFE /* TacoPOP */;
			targetProxy = C007E65B1F7AB3CF0025CEFE /* PBXContainerItemProxy */;
		};
/* End PBXTargetDependency section */

/* Begin PBXVariantGroup section */
		C007E64D1F7AB3CF0025CEFE /* Main.storyboard */ = {
			isa = PBXVariantGroup;
			children = (
				C007E64E1F7AB3CF0025CEFE /* Base */,
			);
			name = Main.storyboard;
			sourceTree = "<group>";
		};
		C007E6521F7AB3CF0025CEFE /* LaunchScreen.storyboard */ = {
			isa = PBXVariantGroup;
			children = (
				C007E6531F7AB3CF0025CEFE /* Base */,
			);
			name = LaunchScreen.storyboard;
			sourceTree = "<group>";
		};
/* End PBXVariantGroup section */

/* Begin XCBuildConfiguration section */
		C007E6611F7AB3CF0025CEFE /* Debug */ = {
			isa = XCBuildConfiguration;
			buildSettings = {
				ALWAYS_SEARCH_USER_PATHS = NO;
				CLANG_ANALYZER_NONNULL = YES;
				CLANG_ANALYZER_NUMBER_OBJECT_CONVERSION = YES_AGGRESSIVE;
				CLANG_CXX_LANGUAGE_STANDARD = "gnu++14";
				CLANG_CXX_LIBRARY = "libc++";
				CLANG_ENABLE_MODULES = YES;
				CLANG_ENABLE_OBJC_ARC = YES;
				CLANG_WARN_BLOCK_CAPTURE_AUTORELEASING = YES;
				CLANG_WARN_BOOL_CONVERSION = YES;
				CLANG_WARN_COMMA = YES;
				CLANG_WARN_CONSTANT_CONVERSION = YES;
				CLANG_WARN_DIRECT_OBJC_ISA_USAGE = YES_ERROR;
				CLANG_WARN_DOCUMENTATION_COMMENTS = YES;
				CLANG_WARN_EMPTY_BODY = YES;
				CLANG_WARN_ENUM_CONVERSION = YES;
				CLANG_WARN_INFINITE_RECURSION = YES;
				CLANG_WARN_INT_CONVERSION = YES;
				CLANG_WARN_OBJC_ROOT_CLASS = YES_ERROR;
				CLANG_WARN_RANGE_LOOP_ANALYSIS = YES;
				CLANG_WARN_STRICT_PROTOTYPES = YES;
				CLANG_WARN_SUSPICIOUS_MOVE = YES;
				CLANG_WARN_UNGUARDED_AVAILABILITY = YES_AGGRESSIVE;
				CLANG_WARN_UNREACHABLE_CODE = YES;
				CLANG_WARN__DUPLICATE_METHOD_MATCH = YES;
				CODE_SIGN_IDENTITY = "iPhone Developer";
				COPY_PHASE_STRIP = NO;
				DEBUG_INFORMATION_FORMAT = dwarf;
				ENABLE_STRICT_OBJC_MSGSEND = YES;
				ENABLE_TESTABILITY = YES;
				GCC_C_LANGUAGE_STANDARD = gnu11;
				GCC_DYNAMIC_NO_PIC = NO;
				GCC_NO_COMMON_BLOCKS = YES;
				GCC_OPTIMIZATION_LEVEL = 0;
				GCC_PREPROCESSOR_DEFINITIONS = (
					"DEBUG=1",
					"$(inherited)",
				);
				GCC_WARN_64_TO_32_BIT_CONVERSION = YES;
				GCC_WARN_ABOUT_RETURN_TYPE = YES_ERROR;
				GCC_WARN_UNDECLARED_SELECTOR = YES;
				GCC_WARN_UNINITIALIZED_AUTOS = YES_AGGRESSIVE;
				GCC_WARN_UNUSED_FUNCTION = YES;
				GCC_WARN_UNUSED_VARIABLE = YES;
				IPHONEOS_DEPLOYMENT_TARGET = 11.0;
				MTL_ENABLE_DEBUG_INFO = YES;
				ONLY_ACTIVE_ARCH = YES;
				SDKROOT = iphoneos;
				SWIFT_ACTIVE_COMPILATION_CONDITIONS = DEBUG;
				SWIFT_OPTIMIZATION_LEVEL = "-Onone";
			};
			name = Debug;
		};
		C007E6621F7AB3CF0025CEFE /* Release */ = {
			isa = XCBuildConfiguration;
			buildSettings = {
				ALWAYS_SEARCH_USER_PATHS = NO;
				CLANG_ANALYZER_NONNULL = YES;
				CLANG_ANALYZER_NUMBER_OBJECT_CONVERSION = YES_AGGRESSIVE;
				CLANG_CXX_LANGUAGE_STANDARD = "gnu++14";
				CLANG_CXX_LIBRARY = "libc++";
				CLANG_ENABLE_MODULES = YES;
				CLANG_ENABLE_OBJC_ARC = YES;
				CLANG_WARN_BLOCK_CAPTURE_AUTORELEASING = YES;
				CLANG_WARN_BOOL_CONVERSION = YES;
				CLANG_WARN_COMMA = YES;
				CLANG_WARN_CONSTANT_CONVERSION = YES;
				CLANG_WARN_DIRECT_OBJC_ISA_USAGE = YES_ERROR;
				CLANG_WARN_DOCUMENTATION_COMMENTS = YES;
				CLANG_WARN_EMPTY_BODY = YES;
				CLANG_WARN_ENUM_CONVERSION = YES;
				CLANG_WARN_INFINITE_RECURSION = YES;
				CLANG_WARN_INT_CONVERSION = YES;
				CLANG_WARN_OBJC_ROOT_CLASS = YES_ERROR;
				CLANG_WARN_RANGE_LOOP_ANALYSIS = YES;
				CLANG_WARN_STRICT_PROTOTYPES = YES;
				CLANG_WARN_SUSPICIOUS_MOVE = YES;
				CLANG_WARN_UNGUARDED_AVAILABILITY = YES_AGGRESSIVE;
				CLANG_WARN_UNREACHABLE_CODE = YES;
				CLANG_WARN__DUPLICATE_METHOD_MATCH = YES;
				CODE_SIGN_IDENTITY = "iPhone Developer";
				COPY_PHASE_STRIP = NO;
				DEBUG_INFORMATION_FORMAT = "dwarf-with-dsym";
				ENABLE_NS_ASSERTIONS = NO;
				ENABLE_STRICT_OBJC_MSGSEND = YES;
				GCC_C_LANGUAGE_STANDARD = gnu11;
				GCC_NO_COMMON_BLOCKS = YES;
				GCC_WARN_64_TO_32_BIT_CONVERSION = YES;
				GCC_WARN_ABOUT_RETURN_TYPE = YES_ERROR;
				GCC_WARN_UNDECLARED_SELECTOR = YES;
				GCC_WARN_UNINITIALIZED_AUTOS = YES_AGGRESSIVE;
				GCC_WARN_UNUSED_FUNCTION = YES;
				GCC_WARN_UNUSED_VARIABLE = YES;
				IPHONEOS_DEPLOYMENT_TARGET = 11.0;
				MTL_ENABLE_DEBUG_INFO = NO;
				SDKROOT = iphoneos;
				SWIFT_OPTIMIZATION_LEVEL = "-Owholemodule";
				VALIDATE_PRODUCT = YES;
			};
			name = Release;
		};
		C007E6641F7AB3CF0025CEFE /* Debug */ = {
			isa = XCBuildConfiguration;
			buildSettings = {
				ASSETCATALOG_COMPILER_APPICON_NAME = AppIcon;
				DEVELOPMENT_TEAM = 9PK4D77ZHK;
				INFOPLIST_FILE = TacoPOP/Info.plist;
				LD_RUNPATH_SEARCH_PATHS = "$(inherited) @executable_path/Frameworks";
				PRODUCT_BUNDLE_IDENTIFIER = com.essentialtech.TacoPOP;
				PRODUCT_NAME = "$(TARGET_NAME)";
				SWIFT_VERSION = 4.0;
				TARGETED_DEVICE_FAMILY = "1,2";
			};
			name = Debug;
		};
		C007E6651F7AB3CF0025CEFE /* Release */ = {
			isa = XCBuildConfiguration;
			buildSettings = {
				ASSETCATALOG_COMPILER_APPICON_NAME = AppIcon;
				DEVELOPMENT_TEAM = 9PK4D77ZHK;
				INFOPLIST_FILE = TacoPOP/Info.plist;
				LD_RUNPATH_SEARCH_PATHS = "$(inherited) @executable_path/Frameworks";
				PRODUCT_BUNDLE_IDENTIFIER = com.essentialtech.TacoPOP;
				PRODUCT_NAME = "$(TARGET_NAME)";
				SWIFT_VERSION = 4.0;
				TARGETED_DEVICE_FAMILY = "1,2";
			};
			name = Release;
		};
		C007E6671F7AB3CF0025CEFE /* Debug */ = {
			isa = XCBuildConfiguration;
			buildSettings = {
				ALWAYS_EMBED_SWIFT_STANDARD_LIBRARIES = YES;
				BUNDLE_LOADER = "$(TEST_HOST)";
				DEVELOPMENT_TEAM = 9PK4D77ZHK;
				INFOPLIST_FILE = TacoPOPTests/Info.plist;
				LD_RUNPATH_SEARCH_PATHS = "$(inherited) @executable_path/Frameworks @loader_path/Frameworks";
				PRODUCT_BUNDLE_IDENTIFIER = com.essentialtech.TacoPOPTests;
				PRODUCT_NAME = "$(TARGET_NAME)";
				SWIFT_VERSION = 4.0;
				TARGETED_DEVICE_FAMILY = "1,2";
				TEST_HOST = "$(BUILT_PRODUCTS_DIR)/TacoPOP.app/TacoPOP";
			};
			name = Debug;
		};
		C007E6681F7AB3CF0025CEFE /* Release */ = {
			isa = XCBuildConfiguration;
			buildSettings = {
				ALWAYS_EMBED_SWIFT_STANDARD_LIBRARIES = YES;
				BUNDLE_LOADER = "$(TEST_HOST)";
				DEVELOPMENT_TEAM = 9PK4D77ZHK;
				INFOPLIST_FILE = TacoPOPTests/Info.plist;
				LD_RUNPATH_SEARCH_PATHS = "$(inherited) @executable_path/Frameworks @loader_path/Frameworks";
				PRODUCT_BUNDLE_IDENTIFIER = com.essentialtech.TacoPOPTests;
				PRODUCT_NAME = "$(TARGET_NAME)";
				SWIFT_VERSION = 4.0;
				TARGETED_DEVICE_FAMILY = "1,2";
				TEST_HOST = "$(BUILT_PRODUCTS_DIR)/TacoPOP.app/TacoPOP";
			};
			name = Release;
		};
/* End XCBuildConfiguration section */

/* Begin XCConfigurationList section */
		C007E6411F7AB3CF0025CEFE /* Build configuration list for PBXProject "TacoPOP" */ = {
			isa = XCConfigurationList;
			buildConfigurations = (
				C007E6611F7AB3CF0025CEFE /* Debug */,
				C007E6621F7AB3CF0025CEFE /* Release */,
			);
			defaultConfigurationIsVisible = 0;
			defaultConfigurationName = Release;
		};
		C007E6631F7AB3CF0025CEFE /* Build configuration list for PBXNativeTarget "TacoPOP" */ = {
			isa = XCConfigurationList;
			buildConfigurations = (
				C007E6641F7AB3CF0025CEFE /* Debug */,
				C007E6651F7AB3CF0025CEFE /* Release */,
			);
			defaultConfigurationIsVisible = 0;
		};
		C007E6661F7AB3CF0025CEFE /* Build configuration list for PBXNativeTarget "TacoPOPTests" */ = {
			isa = XCConfigurationList;
			buildConfigurations = (
				C007E6671F7AB3CF0025CEFE /* Debug */,
				C007E6681F7AB3CF0025CEFE /* Release */,
			);
			defaultConfigurationIsVisible = 0;
		};
/* End XCConfigurationList section */
	};
	rootObject = C007E63E1F7AB3CF0025CEFE /* Project object */;
}
